
Microsoft Visual Studio Solution File, Format Version 12.00
# Visual Studio Version 16
VisualStudioVersion = 25.0.1706.5
MinimumVisualStudioVersion = 10.0.40219.1
Project("{FAE04EC0-301F-11D3-BF4B-00C04F79EFBC}") = "FarmOOPHierarchy", "FarmOOPHierarchy\FarmOOPHierarchy.csproj", "{4C6766C2-DB31-445C-8402-A9D93525A475}"
EndProject
Global
	GlobalSection(SolutionConfigurationPlatforms) = preSolution
		Debug|Any CPU = Debug|Any CPU
		Release|Any CPU = Release|Any CPU
	EndGlobalSection
	GlobalSection(ProjectConfigurationPlatforms) = postSolution
		{4C6766C2-DB31-445C-8402-A9D93525A475}.Debug|Any CPU.ActiveCfg = Debug|Any CPU
		{4C6766C2-DB31-445C-8402-A9D93525A475}.Debug|Any CPU.Build.0 = Debug|Any CPU
		{4C6766C2-DB31-445C-8402-A9D93525A475}.Release|Any CPU.ActiveCfg = Release|Any CPU
		{4C6766C2-DB31-445C-8402-A9D93525A475}.Release|Any CPU.Build.0 = Release|Any CPU
	EndGlobalSection
	GlobalSection(SolutionProperties) = preSolution
		HideSolutionNode = FALSE
	EndGlobalSection
	GlobalSection(ExtensibilityGlobals) = postSolution
		SolutionGuid = {AB10EB76-6DF4-4A51-8578-6197852CE957}
	EndGlobalSection
EndGlobal
