
Microsoft Visual Studio Solution File, Format Version 12.00
# Visual Studio Version 16
VisualStudioVersion = 25.0.1706.5
MinimumVisualStudioVersion = 10.0.40219.1
Project("{FAE04EC0-301F-11D3-BF4B-00C04F79EFBC}") = "Lists", "Lists\Lists.csproj", "{DAAEEA77-D82A-4BB4-8A88-31EEC72A89F1}"
EndProject
Project("{FAE04EC0-301F-11D3-BF4B-00C04F79EFBC}") = "2.ListOfProducts", "2.ListOfProducts\2.ListOfProducts.csproj", "{E563530D-3F06-4137-89CA-CAF6F846A25F}"
EndProject
Project("{FAE04EC0-301F-11D3-BF4B-00C04F79EFBC}") = "3.RemoveNegAndReverse", "3.RemoveNegAndReverse\3.RemoveNegAndReverse.csproj", "{8C059EC3-0ED8-41AE-9C32-FD71065AB081}"
EndProject
Project("{FAE04EC0-301F-11D3-BF4B-00C04F79EFBC}") = "4.ListManipBas", "4.ListManipBas\4.ListManipBas.csproj", "{870A4830-B122-4D6A-9847-385102E7586B}"
EndProject
Project("{FAE04EC0-301F-11D3-BF4B-00C04F79EFBC}") = "5.ListManipulAdv", "5.ListManipulAdv\5.ListManipulAdv.csproj", "{0022D50D-A1AA-40E0-8965-D82E83ACADB2}"
EndProject
Global
	GlobalSection(SolutionConfigurationPlatforms) = preSolution
		Debug|Any CPU = Debug|Any CPU
		Release|Any CPU = Release|Any CPU
	EndGlobalSection
	GlobalSection(ProjectConfigurationPlatforms) = postSolution
		{DAAEEA77-D82A-4BB4-8A88-31EEC72A89F1}.Debug|Any CPU.ActiveCfg = Debug|Any CPU
		{DAAEEA77-D82A-4BB4-8A88-31EEC72A89F1}.Debug|Any CPU.Build.0 = Debug|Any CPU
		{DAAEEA77-D82A-4BB4-8A88-31EEC72A89F1}.Release|Any CPU.ActiveCfg = Release|Any CPU
		{DAAEEA77-D82A-4BB4-8A88-31EEC72A89F1}.Release|Any CPU.Build.0 = Release|Any CPU
		{E563530D-3F06-4137-89CA-CAF6F846A25F}.Debug|Any CPU.ActiveCfg = Debug|Any CPU
		{E563530D-3F06-4137-89CA-CAF6F846A25F}.Debug|Any CPU.Build.0 = Debug|Any CPU
		{E563530D-3F06-4137-89CA-CAF6F846A25F}.Release|Any CPU.ActiveCfg = Release|Any CPU
		{E563530D-3F06-4137-89CA-CAF6F846A25F}.Release|Any CPU.Build.0 = Release|Any CPU
		{8C059EC3-0ED8-41AE-9C32-FD71065AB081}.Debug|Any CPU.ActiveCfg = Debug|Any CPU
		{8C059EC3-0ED8-41AE-9C32-FD71065AB081}.Debug|Any CPU.Build.0 = Debug|Any CPU
		{8C059EC3-0ED8-41AE-9C32-FD71065AB081}.Release|Any CPU.ActiveCfg = Release|Any CPU
		{8C059EC3-0ED8-41AE-9C32-FD71065AB081}.Release|Any CPU.Build.0 = Release|Any CPU
		{870A4830-B122-4D6A-9847-385102E7586B}.Debug|Any CPU.ActiveCfg = Debug|Any CPU
		{870A4830-B122-4D6A-9847-385102E7586B}.Debug|Any CPU.Build.0 = Debug|Any CPU
		{870A4830-B122-4D6A-9847-385102E7586B}.Release|Any CPU.ActiveCfg = Release|Any CPU
		{870A4830-B122-4D6A-9847-385102E7586B}.Release|Any CPU.Build.0 = Release|Any CPU
		{0022D50D-A1AA-40E0-8965-D82E83ACADB2}.Debug|Any CPU.ActiveCfg = Debug|Any CPU
		{0022D50D-A1AA-40E0-8965-D82E83ACADB2}.Debug|Any CPU.Build.0 = Debug|Any CPU
		{0022D50D-A1AA-40E0-8965-D82E83ACADB2}.Release|Any CPU.ActiveCfg = Release|Any CPU
		{0022D50D-A1AA-40E0-8965-D82E83ACADB2}.Release|Any CPU.Build.0 = Release|Any CPU
	EndGlobalSection
	GlobalSection(SolutionProperties) = preSolution
		HideSolutionNode = FALSE
	EndGlobalSection
	GlobalSection(ExtensibilityGlobals) = postSolution
		SolutionGuid = {536AE78B-D033-4905-80AB-44A266156350}
	EndGlobalSection
EndGlobal
