
Microsoft Visual Studio Solution File, Format Version 12.00
# Visual Studio Version 16
VisualStudioVersion = 25.0.1706.5
MinimumVisualStudioVersion = 10.0.40219.1
Project("{FAE04EC0-301F-11D3-BF4B-00C04F79EFBC}") = "Pokemon", "Pokemon\Pokemon.csproj", "{81DCE587-6552-4338-BDFA-76995C6D7698}"
EndProject
Global
	GlobalSection(SolutionConfigurationPlatforms) = preSolution
		Debug|Any CPU = Debug|Any CPU
		Release|Any CPU = Release|Any CPU
	EndGlobalSection
	GlobalSection(ProjectConfigurationPlatforms) = postSolution
		{81DCE587-6552-4338-BDFA-76995C6D7698}.Debug|Any CPU.ActiveCfg = Debug|Any CPU
		{81DCE587-6552-4338-BDFA-76995C6D7698}.Debug|Any CPU.Build.0 = Debug|Any CPU
		{81DCE587-6552-4338-BDFA-76995C6D7698}.Release|Any CPU.ActiveCfg = Release|Any CPU
		{81DCE587-6552-4338-BDFA-76995C6D7698}.Release|Any CPU.Build.0 = Release|Any CPU
	EndGlobalSection
	GlobalSection(SolutionProperties) = preSolution
		HideSolutionNode = FALSE
	EndGlobalSection
	GlobalSection(ExtensibilityGlobals) = postSolution
		SolutionGuid = {6F2ED117-C97B-463F-8E35-0DE9356159F9}
	EndGlobalSection
EndGlobal
