
Microsoft Visual Studio Solution File, Format Version 12.00
# Visual Studio Version 16
VisualStudioVersion = 25.0.1706.5
MinimumVisualStudioVersion = 10.0.40219.1
Project("{FAE04EC0-301F-11D3-BF4B-00C04F79EFBC}") = "IdeaAPITesting", "IdeaAPITesting\IdeaAPITesting.csproj", "{D9673E41-FDA0-4155-BCBD-5E0C3770CECF}"
EndProject
Global
	GlobalSection(SolutionConfigurationPlatforms) = preSolution
		Debug|Any CPU = Debug|Any CPU
		Release|Any CPU = Release|Any CPU
	EndGlobalSection
	GlobalSection(ProjectConfigurationPlatforms) = postSolution
		{D9673E41-FDA0-4155-BCBD-5E0C3770CECF}.Debug|Any CPU.ActiveCfg = Debug|Any CPU
		{D9673E41-FDA0-4155-BCBD-5E0C3770CECF}.Debug|Any CPU.Build.0 = Debug|Any CPU
		{D9673E41-FDA0-4155-BCBD-5E0C3770CECF}.Release|Any CPU.ActiveCfg = Release|Any CPU
		{D9673E41-FDA0-4155-BCBD-5E0C3770CECF}.Release|Any CPU.Build.0 = Release|Any CPU
	EndGlobalSection
	GlobalSection(SolutionProperties) = preSolution
		HideSolutionNode = FALSE
	EndGlobalSection
	GlobalSection(ExtensibilityGlobals) = postSolution
		SolutionGuid = {6DD25D9C-2683-4A97-AB18-BB27CE4A0EF5}
	EndGlobalSection
EndGlobal
