
Microsoft Visual Studio Solution File, Format Version 12.00
# Visual Studio Version 16
VisualStudioVersion = 25.0.1705.4
MinimumVisualStudioVersion = 10.0.40219.1
Project("{FAE04EC0-301F-11D3-BF4B-00C04F79EFBC}") = "Nested_Loops", "Nested_Loops\Nested_Loops.csproj", "{DD97F362-3844-45C0-8957-F5E7F2D7A9C4}"
EndProject
Project("{FAE04EC0-301F-11D3-BF4B-00C04F79EFBC}") = "Test", "Test\Test.csproj", "{D9D89EBF-00F3-4D31-BA50-43AEC8A3BCCA}"
EndProject
Global
	GlobalSection(SolutionConfigurationPlatforms) = preSolution
		Debug|Any CPU = Debug|Any CPU
		Release|Any CPU = Release|Any CPU
	EndGlobalSection
	GlobalSection(ProjectConfigurationPlatforms) = postSolution
		{DD97F362-3844-45C0-8957-F5E7F2D7A9C4}.Debug|Any CPU.ActiveCfg = Debug|Any CPU
		{DD97F362-3844-45C0-8957-F5E7F2D7A9C4}.Debug|Any CPU.Build.0 = Debug|Any CPU
		{DD97F362-3844-45C0-8957-F5E7F2D7A9C4}.Release|Any CPU.ActiveCfg = Release|Any CPU
		{DD97F362-3844-45C0-8957-F5E7F2D7A9C4}.Release|Any CPU.Build.0 = Release|Any CPU
		{D9D89EBF-00F3-4D31-BA50-43AEC8A3BCCA}.Debug|Any CPU.ActiveCfg = Debug|Any CPU
		{D9D89EBF-00F3-4D31-BA50-43AEC8A3BCCA}.Debug|Any CPU.Build.0 = Debug|Any CPU
		{D9D89EBF-00F3-4D31-BA50-43AEC8A3BCCA}.Release|Any CPU.ActiveCfg = Release|Any CPU
		{D9D89EBF-00F3-4D31-BA50-43AEC8A3BCCA}.Release|Any CPU.Build.0 = Release|Any CPU
	EndGlobalSection
	GlobalSection(SolutionProperties) = preSolution
		HideSolutionNode = FALSE
	EndGlobalSection
	GlobalSection(ExtensibilityGlobals) = postSolution
		SolutionGuid = {ECADD6FD-AACC-4F36-9125-B82AEAC73047}
	EndGlobalSection
EndGlobal
